# This file was autogenerated by Stack.
# You should not edit this file by hand.
# For more information, please see the documentation at:
#   https://docs.haskellstack.org/en/stable/topics/lock_files

packages:
- completed:
    hackage: polysemy-1.9.1.0@sha256:2509402caac8ceec90b1267ad051559ba3e44884c478019b9bbd170af39982f7,4660
    pantry-tree:
      sha256: 833f45a4e0c893aad1640c506c3364040e53c1bc97d93051c332f6038b7c999d
      size: 4233
  original:
    hackage: polysemy-1.9.1.0
- completed:
    hackage: polysemy-plugin-0.4.5.0@sha256:061e64adf9a34825f0804a7e31218052bbee597cb0f48a53f435606dedb03cad,3151
    pantry-tree:
      sha256: 0ef63a9e1756c28f0bfc25a951dfe8f40d1de76e8ab627215d6920cd0e72c4fa
      size: 1229
  original:
    hackage: polysemy-plugin-0.4.5.0
snapshots:
- completed:
    sha256: 87da71cb0ae9ee1ea1bf51a8eb9812f39f779be76abc0a3c926defd8afda05d1
    size: 719139
    url: https://raw.githubusercontent.com/commercialhaskell/stackage-snapshots/master/lts/22/28.yaml
  original: lts-22.28
